github.com/hashicorp/go-version v1.4.0 h1:aAQzgqIrRKRa7w75CKpbBxYsmUoPjzVm1W59ca1L0J4=
github.com/hashicorp/go-version v1.4.0/go.mod h1:fltr4n8CU8Ke44wwGCBoEymUuxUHl09ZGVZPK5anwXA=
github.com/hashicorp/go-version v1.5.0 h1:O293SZ2Eg+AAYijkVK3jR786Am1bhDEh2GHT0tIVE5E=
github.com/hashicorp/go-version v1.5.0/go.mod h1:fltr4n8CU8Ke44wwGCBoEymUuxUHl09ZGVZPK5anwXA=
github.com/philopon/go-toposort v0.0.0-20170620085441-9be86dbd762f h1:WyCn68lTiytVSkk7W1K9nBiSGTSRlUOdyTnSjwrIlok=
github.com/philopon/go-toposort v0.0.0-20170620085441-9be86dbd762f/go.mod h1:/iRjX3DdSK956SzsUdV55J+wIsQ+2IBWmBrB4RvZfk4=
